
Microsoft Visual Studio Solution File, Format Version 12.00
# Visual Studio Version 16
VisualStudioVersion = 16.0.33529.622
MinimumVisualStudioVersion = 10.0.40219.1
Project("{C9674DCB-5085-4A16-B785-4C70DD1589BD}") = "ZIPPED_FILE_TO_SQL_SERVER", "ZIPPED_FILE_TO_SQL_SERVER\ZIPPED_FILE_TO_SQL_SERVER.dtproj", "{1FACDB86-18EB-4B9E-B248-09B37E0716DC}"
EndProject
Global
	GlobalSection(SolutionConfigurationPlatforms) = preSolution
		Development|Default = Development|Default
	EndGlobalSection
	GlobalSection(ProjectConfigurationPlatforms) = postSolution
		{1FACDB86-18EB-4B9E-B248-09B37E0716DC}.Development|Default.ActiveCfg = Development
		{1FACDB86-18EB-4B9E-B248-09B37E0716DC}.Development|Default.Build.0 = Development
	EndGlobalSection
	GlobalSection(SolutionProperties) = preSolution
		HideSolutionNode = FALSE
	EndGlobalSection
	GlobalSection(ExtensibilityGlobals) = postSolution
		SolutionGuid = {0E495856-F800-44E1-BB74-71B5FA4C623E}
	EndGlobalSection
EndGlobal
